// !$*UTF8*$!
{
	archiveVersion = 1;
	classes = {
	};
	objectVersion = 50;
	objects = {

/* Begin PBXBuildFile section */
		B17F72F521BC6FFB00CEACF9 /* libcrypto.a in Frameworks */ = {isa = PBXBuildFile; fileRef = B17F72D021BC6C8900CEACF9 /* libcrypto.a */; };
		B17F72F721BC6FFB00CEACF9 /* libimobiledevice.a in Frameworks */ = {isa = PBXBuildFile; fileRef = B17F72CE21BC6C8700CEACF9 /* libimobiledevice.a */; };
		B17F72F821BC6FFB00CEACF9 /* libirecovery.a in Frameworks */ = {isa = PBXBuildFile; fileRef = B17F72CA21BC6C8400CEACF9 /* libirecovery.a */; };
		B17F72F921BC6FFB00CEACF9 /* libplist.a in Frameworks */ = {isa = PBXBuildFile; fileRef = B17F72CB21BC6C8400CEACF9 /* libplist.a */; };
		B17F72FA21BC6FFB00CEACF9 /* libssl.a in Frameworks */ = {isa = PBXBuildFile; fileRef = B17F72CC21BC6C8500CEACF9 /* libssl.a */; };
		B17F72FB21BC6FFB00CEACF9 /* libusbmuxd.a in Frameworks */ = {isa = PBXBuildFile; fileRef = B17F72C921BC6C8300CEACF9 /* libusbmuxd.a */; };
		B17F72FC21BC6FFB00CEACF9 /* libzip.a in Frameworks */ = {isa = PBXBuildFile; fileRef = B17F72CF21BC6C8700CEACF9 /* libzip.a */; };
		B17F72FF21BC706900CEACF9 /* IOKit.framework in Frameworks */ = {isa = PBXBuildFile; fileRef = B17F72FE21BC706900CEACF9 /* IOKit.framework */; };
		B17F730721BC71B900CEACF9 /* libcurl.4.dylib in Frameworks */ = {isa = PBXBuildFile; fileRef = B17F730421BC71A300CEACF9 /* libcurl.4.dylib */; };
		B17F730921BC71E400CEACF9 /* CoreFoundation.framework in Frameworks */ = {isa = PBXBuildFile; fileRef = B17F730821BC71E400CEACF9 /* CoreFoundation.framework */; };
		B17F731421BC770700CEACF9 /* idevicerestore.c in Sources */ = {isa = PBXBuildFile; fileRef = B17F731321BC770700CEACF9 /* idevicerestore.c */; };
		FEC0523C21BC622400EC8B17 /* fdr.c in Sources */ = {isa = PBXBuildFile; fileRef = FEC0521321BC621B00EC8B17 /* fdr.c */; };
		FEC0523D21BC622400EC8B17 /* ipsw.c in Sources */ = {isa = PBXBuildFile; fileRef = FEC0521721BC621B00EC8B17 /* ipsw.c */; };
		FEC0523E21BC622400EC8B17 /* limera1n.c in Sources */ = {isa = PBXBuildFile; fileRef = FEC0521A21BC621B00EC8B17 /* limera1n.c */; };
		FEC0523F21BC622400EC8B17 /* recovery.c in Sources */ = {isa = PBXBuildFile; fileRef = FEC0521B21BC621C00EC8B17 /* recovery.c */; };
		FEC0524021BC622400EC8B17 /* tss.c in Sources */ = {isa = PBXBuildFile; fileRef = FEC0521C21BC621C00EC8B17 /* tss.c */; };
		FEC0524121BC622400EC8B17 /* normal.c in Sources */ = {isa = PBXBuildFile; fileRef = FEC0521E21BC621C00EC8B17 /* normal.c */; };
		FEC0524221BC622400EC8B17 /* thread.c in Sources */ = {isa = PBXBuildFile; fileRef = FEC0522021BC621C00EC8B17 /* thread.c */; };
		FEC0524321BC622400EC8B17 /* asr.c in Sources */ = {isa = PBXBuildFile; fileRef = FEC0522121BC621C00EC8B17 /* asr.c */; };
		FEC0524421BC622400EC8B17 /* common.c in Sources */ = {isa = PBXBuildFile; fileRef = FEC0522421BC621D00EC8B17 /* common.c */; };
		FEC0524521BC622400EC8B17 /* dfu.c in Sources */ = {isa = PBXBuildFile; fileRef = FEC0522521BC621D00EC8B17 /* dfu.c */; };
		FEC0524621BC622400EC8B17 /* img4.c in Sources */ = {isa = PBXBuildFile; fileRef = FEC0522621BC621D00EC8B17 /* img4.c */; };
		FEC0524721BC622400EC8B17 /* mbn.c in Sources */ = {isa = PBXBuildFile; fileRef = FEC0522921BC621E00EC8B17 /* mbn.c */; };
		FEC0524821BC622400EC8B17 /* fls.c in Sources */ = {isa = PBXBuildFile; fileRef = FEC0522C21BC621F00EC8B17 /* fls.c */; };
		FEC0524921BC622400EC8B17 /* restore.c in Sources */ = {isa = PBXBuildFile; fileRef = FEC0522D21BC621F00EC8B17 /* restore.c */; };
		FEC0524B21BC622400EC8B17 /* locking.c in Sources */ = {isa = PBXBuildFile; fileRef = FEC0523321BC622100EC8B17 /* locking.c */; };
		FEC0524C21BC622400EC8B17 /* img3.c in Sources */ = {isa = PBXBuildFile; fileRef = FEC0523621BC622200EC8B17 /* img3.c */; };
		FEC0524D21BC622400EC8B17 /* partial.c in Sources */ = {isa = PBXBuildFile; fileRef = FEC0523821BC622300EC8B17 /* partial.c */; };
		FEC0524E21BC622400EC8B17 /* socket.c in Sources */ = {isa = PBXBuildFile; fileRef = FEC0523921BC622300EC8B17 /* socket.c */; };
		FEC0524F21BC622400EC8B17 /* download.c in Sources */ = {isa = PBXBuildFile; fileRef = FEC0523A21BC622300EC8B17 /* download.c */; };
		FEC0528A21C0184200EC8B17 /* libz.a in Frameworks */ = {isa = PBXBuildFile; fileRef = FEC0528921C0184200EC8B17 /* libz.a */; };
		FEC0528C21C018E500EC8B17 /* libbz2.a in Frameworks */ = {isa = PBXBuildFile; fileRef = FEC0528B21C018E500EC8B17 /* libbz2.a */; };
/* End PBXBuildFile section */

/* Begin PBXCopyFilesBuildPhase section */
		FEC0520621BC614000EC8B17 /* CopyFiles */ = {
			isa = PBXCopyFilesBuildPhase;
			buildActionMask = 2147483647;
			dstPath = /usr/share/man/man1/;
			dstSubfolderSpec = 0;
			files = (
			);
			runOnlyForDeploymentPostprocessing = 1;
		};
/* End PBXCopyFilesBuildPhase section */

/* Begin PBXFileReference section */
		B17F72C921BC6C8300CEACF9 /* libusbmuxd.a */ = {isa = PBXFileReference; lastKnownFileType = archive.ar; path = libusbmuxd.a; sourceTree = "<group>"; };
		B17F72CA21BC6C8400CEACF9 /* libirecovery.a */ = {isa = PBXFileReference; lastKnownFileType = archive.ar; path = libirecovery.a; sourceTree = "<group>"; };
		B17F72CB21BC6C8400CEACF9 /* libplist.a */ = {isa = PBXFileReference; lastKnownFileType = archive.ar; path = libplist.a; sourceTree = "<group>"; };
		B17F72CC21BC6C8500CEACF9 /* libssl.a */ = {isa = PBXFileReference; lastKnownFileType = archive.ar; path = libssl.a; sourceTree = "<group>"; };
		B17F72CD21BC6C8600CEACF9 /* libcurl.a */ = {isa = PBXFileReference; lastKnownFileType = archive.ar; path = libcurl.a; sourceTree = "<group>"; };
		B17F72CE21BC6C8700CEACF9 /* libimobiledevice.a */ = {isa = PBXFileReference; lastKnownFileType = archive.ar; path = libimobiledevice.a; sourceTree = "<group>"; };
		B17F72CF21BC6C8700CEACF9 /* libzip.a */ = {isa = PBXFileReference; lastKnownFileType = archive.ar; path = libzip.a; sourceTree = "<group>"; };
		B17F72D021BC6C8900CEACF9 /* libcrypto.a */ = {isa = PBXFileReference; lastKnownFileType = archive.ar; path = libcrypto.a; sourceTree = "<group>"; };
		B17F72FE21BC706900CEACF9 /* IOKit.framework */ = {isa = PBXFileReference; lastKnownFileType = wrapper.framework; name = IOKit.framework; path = System/Library/Frameworks/IOKit.framework; sourceTree = SDKROOT; };
		B17F730221BC719100CEACF9 /* libcurl.a */ = {isa = PBXFileReference; lastKnownFileType = archive.ar; name = libcurl.a; path = ../../../usr/local/Cellar/curl/7.57.0/lib/libcurl.a; sourceTree = "<group>"; };
		B17F730421BC71A300CEACF9 /* libcurl.4.dylib */ = {isa = PBXFileReference; lastKnownFileType = "compiled.mach-o.dylib"; name = libcurl.4.dylib; path = ../../../usr/local/Cellar/curl/7.57.0/lib/libcurl.4.dylib; sourceTree = "<group>"; };
		B17F730821BC71E400CEACF9 /* CoreFoundation.framework */ = {isa = PBXFileReference; lastKnownFileType = wrapper.framework; name = CoreFoundation.framework; path = System/Library/Frameworks/CoreFoundation.framework; sourceTree = SDKROOT; };
		B17F730A21BC751900CEACF9 /* libz.a */ = {isa = PBXFileReference; lastKnownFileType = archive.ar; name = libz.a; path = ../../../usr/local/Cellar/zlib/1.2.11/lib/libz.a; sourceTree = "<group>"; };
		B17F730C21BC752D00CEACF9 /* libz.1.2.11.dylib */ = {isa = PBXFileReference; lastKnownFileType = "compiled.mach-o.dylib"; name = libz.1.2.11.dylib; path = ../../../usr/local/Cellar/zlib/1.2.11/lib/libz.1.2.11.dylib; sourceTree = "<group>"; };
		B17F730E21BC756D00CEACF9 /* libbz2.tbd */ = {isa = PBXFileReference; lastKnownFileType = "sourcecode.text-based-dylib-definition"; name = libbz2.tbd; path = usr/lib/libbz2.tbd; sourceTree = SDKROOT; };
		B17F731021BC758000CEACF9 /* libz.tbd */ = {isa = PBXFileReference; lastKnownFileType = "sourcecode.text-based-dylib-definition"; name = libz.tbd; path = usr/lib/libz.tbd; sourceTree = SDKROOT; };
		B17F731221BC770600CEACF9 /* idevicerestore.h */ = {isa = PBXFileReference; fileEncoding = 4; lastKnownFileType = sourcecode.c.h; path = idevicerestore.h; sourceTree = "<group>"; };
		B17F731321BC770700CEACF9 /* idevicerestore.c */ = {isa = PBXFileReference; fileEncoding = 4; lastKnownFileType = sourcecode.c.c; path = idevicerestore.c; sourceTree = "<group>"; };
		FEC0520821BC614000EC8B17 /* idevicererestore */ = {isa = PBXFileReference; explicitFileType = "compiled.mach-o.executable"; includeInIndex = 0; path = idevicererestore; sourceTree = BUILT_PRODUCTS_DIR; };
		FEC0521221BC621A00EC8B17 /* limera1n_payload.h */ = {isa = PBXFileReference; fileEncoding = 4; lastKnownFileType = sourcecode.c.h; path = limera1n_payload.h; sourceTree = "<group>"; };
		FEC0521321BC621B00EC8B17 /* fdr.c */ = {isa = PBXFileReference; fileEncoding = 4; lastKnownFileType = sourcecode.c.c; path = fdr.c; sourceTree = "<group>"; };
		FEC0521421BC621B00EC8B17 /* dfu.h */ = {isa = PBXFileReference; fileEncoding = 4; lastKnownFileType = sourcecode.c.h; path = dfu.h; sourceTree = "<group>"; };
		FEC0521521BC621B00EC8B17 /* locking.h */ = {isa = PBXFileReference; fileEncoding = 4; lastKnownFileType = sourcecode.c.h; path = locking.h; sourceTree = "<group>"; };
		FEC0521621BC621B00EC8B17 /* restore.h */ = {isa = PBXFileReference; fileEncoding = 4; lastKnownFileType = sourcecode.c.h; path = restore.h; sourceTree = "<group>"; };
		FEC0521721BC621B00EC8B17 /* ipsw.c */ = {isa = PBXFileReference; fileEncoding = 4; lastKnownFileType = sourcecode.c.c; path = ipsw.c; sourceTree = "<group>"; };
		FEC0521821BC621B00EC8B17 /* fls.h */ = {isa = PBXFileReference; fileEncoding = 4; lastKnownFileType = sourcecode.c.h; path = fls.h; sourceTree = "<group>"; };
		FEC0521921BC621B00EC8B17 /* asr.h */ = {isa = PBXFileReference; fileEncoding = 4; lastKnownFileType = sourcecode.c.h; path = asr.h; sourceTree = "<group>"; };
		FEC0521A21BC621B00EC8B17 /* limera1n.c */ = {isa = PBXFileReference; fileEncoding = 4; lastKnownFileType = sourcecode.c.c; path = limera1n.c; sourceTree = "<group>"; };
		FEC0521B21BC621C00EC8B17 /* recovery.c */ = {isa = PBXFileReference; fileEncoding = 4; lastKnownFileType = sourcecode.c.c; path = recovery.c; sourceTree = "<group>"; };
		FEC0521C21BC621C00EC8B17 /* tss.c */ = {isa = PBXFileReference; fileEncoding = 4; lastKnownFileType = sourcecode.c.c; path = tss.c; sourceTree = "<group>"; };
		FEC0521D21BC621C00EC8B17 /* endianness.h */ = {isa = PBXFileReference; fileEncoding = 4; lastKnownFileType = sourcecode.c.h; path = endianness.h; sourceTree = "<group>"; };
		FEC0521E21BC621C00EC8B17 /* normal.c */ = {isa = PBXFileReference; fileEncoding = 4; lastKnownFileType = sourcecode.c.c; path = normal.c; sourceTree = "<group>"; };
		FEC0521F21BC621C00EC8B17 /* socket.h */ = {isa = PBXFileReference; fileEncoding = 4; lastKnownFileType = sourcecode.c.h; path = socket.h; sourceTree = "<group>"; };
		FEC0522021BC621C00EC8B17 /* thread.c */ = {isa = PBXFileReference; fileEncoding = 4; lastKnownFileType = sourcecode.c.c; path = thread.c; sourceTree = "<group>"; };
		FEC0522121BC621C00EC8B17 /* asr.c */ = {isa = PBXFileReference; fileEncoding = 4; lastKnownFileType = sourcecode.c.c; path = asr.c; sourceTree = "<group>"; };
		FEC0522321BC621D00EC8B17 /* limera1n.h */ = {isa = PBXFileReference; fileEncoding = 4; lastKnownFileType = sourcecode.c.h; path = limera1n.h; sourceTree = "<group>"; };
		FEC0522421BC621D00EC8B17 /* common.c */ = {isa = PBXFileReference; fileEncoding = 4; lastKnownFileType = sourcecode.c.c; path = common.c; sourceTree = "<group>"; };
		FEC0522521BC621D00EC8B17 /* dfu.c */ = {isa = PBXFileReference; fileEncoding = 4; lastKnownFileType = sourcecode.c.c; path = dfu.c; sourceTree = "<group>"; };
		FEC0522621BC621D00EC8B17 /* img4.c */ = {isa = PBXFileReference; fileEncoding = 4; lastKnownFileType = sourcecode.c.c; path = img4.c; sourceTree = "<group>"; };
		FEC0522721BC621E00EC8B17 /* normal.h */ = {isa = PBXFileReference; fileEncoding = 4; lastKnownFileType = sourcecode.c.h; path = normal.h; sourceTree = "<group>"; };
		FEC0522821BC621E00EC8B17 /* thread.h */ = {isa = PBXFileReference; fileEncoding = 4; lastKnownFileType = sourcecode.c.h; path = thread.h; sourceTree = "<group>"; };
		FEC0522921BC621E00EC8B17 /* mbn.c */ = {isa = PBXFileReference; fileEncoding = 4; lastKnownFileType = sourcecode.c.c; path = mbn.c; sourceTree = "<group>"; };
		FEC0522A21BC621E00EC8B17 /* partial.h */ = {isa = PBXFileReference; fileEncoding = 4; lastKnownFileType = sourcecode.c.h; path = partial.h; sourceTree = "<group>"; };
		FEC0522B21BC621F00EC8B17 /* tss.h */ = {isa = PBXFileReference; fileEncoding = 4; lastKnownFileType = sourcecode.c.h; path = tss.h; sourceTree = "<group>"; };
		FEC0522C21BC621F00EC8B17 /* fls.c */ = {isa = PBXFileReference; fileEncoding = 4; lastKnownFileType = sourcecode.c.c; path = fls.c; sourceTree = "<group>"; };
		FEC0522D21BC621F00EC8B17 /* restore.c */ = {isa = PBXFileReference; fileEncoding = 4; lastKnownFileType = sourcecode.c.c; path = restore.c; sourceTree = "<group>"; };
		FEC0522F21BC622000EC8B17 /* download.h */ = {isa = PBXFileReference; fileEncoding = 4; lastKnownFileType = sourcecode.c.h; path = download.h; sourceTree = "<group>"; };
		FEC0523021BC622000EC8B17 /* fdr.h */ = {isa = PBXFileReference; fileEncoding = 4; lastKnownFileType = sourcecode.c.h; path = fdr.h; sourceTree = "<group>"; };
		FEC0523121BC622000EC8B17 /* img4.h */ = {isa = PBXFileReference; fileEncoding = 4; lastKnownFileType = sourcecode.c.h; path = img4.h; sourceTree = "<group>"; };
		FEC0523221BC622100EC8B17 /* common.h */ = {isa = PBXFileReference; fileEncoding = 4; lastKnownFileType = sourcecode.c.h; path = common.h; sourceTree = "<group>"; };
		FEC0523321BC622100EC8B17 /* locking.c */ = {isa = PBXFileReference; fileEncoding = 4; lastKnownFileType = sourcecode.c.c; path = locking.c; sourceTree = "<group>"; };
		FEC0523421BC622100EC8B17 /* img3.h */ = {isa = PBXFileReference; fileEncoding = 4; lastKnownFileType = sourcecode.c.h; path = img3.h; sourceTree = "<group>"; };
		FEC0523521BC622200EC8B17 /* ipsw.h */ = {isa = PBXFileReference; fileEncoding = 4; lastKnownFileType = sourcecode.c.h; path = ipsw.h; sourceTree = "<group>"; };
		FEC0523621BC622200EC8B17 /* img3.c */ = {isa = PBXFileReference; fileEncoding = 4; lastKnownFileType = sourcecode.c.c; path = img3.c; sourceTree = "<group>"; };
		FEC0523721BC622200EC8B17 /* mbn.h */ = {isa = PBXFileReference; fileEncoding = 4; lastKnownFileType = sourcecode.c.h; path = mbn.h; sourceTree = "<group>"; };
		FEC0523821BC622300EC8B17 /* partial.c */ = {isa = PBXFileReference; fileEncoding = 4; lastKnownFileType = sourcecode.c.c; path = partial.c; sourceTree = "<group>"; };
		FEC0523921BC622300EC8B17 /* socket.c */ = {isa = PBXFileReference; fileEncoding = 4; lastKnownFileType = sourcecode.c.c; path = socket.c; sourceTree = "<group>"; };
		FEC0523A21BC622300EC8B17 /* download.c */ = {isa = PBXFileReference; fileEncoding = 4; lastKnownFileType = sourcecode.c.c; path = download.c; sourceTree = "<group>"; };
		FEC0523B21BC622400EC8B17 /* recovery.h */ = {isa = PBXFileReference; fileEncoding = 4; lastKnownFileType = sourcecode.c.h; path = recovery.h; sourceTree = "<group>"; };
		FEC0526321BC673B00EC8B17 /* globals.h */ = {isa = PBXFileReference; lastKnownFileType = sourcecode.c.h; path = globals.h; sourceTree = "<group>"; };
		FEC0528921C0184200EC8B17 /* libz.a */ = {isa = PBXFileReference; lastKnownFileType = archive.ar; path = libz.a; sourceTree = "<group>"; };
		FEC0528B21C018E500EC8B17 /* libbz2.a */ = {isa = PBXFileReference; lastKnownFileType = archive.ar; path = libbz2.a; sourceTree = "<group>"; };
/* End PBXFileReference section */

/* Begin PBXFrameworksBuildPhase section */
		FEC0520521BC614000EC8B17 /* Frameworks */ = {
			isa = PBXFrameworksBuildPhase;
			buildActionMask = 2147483647;
			files = (
				B17F730921BC71E400CEACF9 /* CoreFoundation.framework in Frameworks */,
				B17F72FF21BC706900CEACF9 /* IOKit.framework in Frameworks */,
				B17F72F521BC6FFB00CEACF9 /* libcrypto.a in Frameworks */,
				B17F72F721BC6FFB00CEACF9 /* libimobiledevice.a in Frameworks */,
				FEC0528A21C0184200EC8B17 /* libz.a in Frameworks */,
				B17F72F821BC6FFB00CEACF9 /* libirecovery.a in Frameworks */,
				B17F72F921BC6FFB00CEACF9 /* libplist.a in Frameworks */,
				B17F72FA21BC6FFB00CEACF9 /* libssl.a in Frameworks */,
				FEC0528C21C018E500EC8B17 /* libbz2.a in Frameworks */,
				B17F72FB21BC6FFB00CEACF9 /* libusbmuxd.a in Frameworks */,
				B17F72FC21BC6FFB00CEACF9 /* libzip.a in Frameworks */,
				B17F730721BC71B900CEACF9 /* libcurl.4.dylib in Frameworks */,
			);
			runOnlyForDeploymentPostprocessing = 0;
		};
/* End PBXFrameworksBuildPhase section */

/* Begin PBXGroup section */
		FEC051FF21BC614000EC8B17 = {
			isa = PBXGroup;
			children = (
				FEC0520A21BC614000EC8B17 /* idevicererestore */,
				FEC0520921BC614000EC8B17 /* Products */,
				FEC0525021BC631000EC8B17 /* Frameworks */,
			);
			sourceTree = "<group>";
		};
		FEC0520921BC614000EC8B17 /* Products */ = {
			isa = PBXGroup;
			children = (
				FEC0520821BC614000EC8B17 /* idevicererestore */,
			);
			name = Products;
			sourceTree = "<group>";
		};
		FEC0520A21BC614000EC8B17 /* idevicererestore */ = {
			isa = PBXGroup;
			children = (
				FEC0522121BC621C00EC8B17 /* asr.c */,
				FEC0521921BC621B00EC8B17 /* asr.h */,
				FEC0522421BC621D00EC8B17 /* common.c */,
				FEC0523221BC622100EC8B17 /* common.h */,
				FEC0522521BC621D00EC8B17 /* dfu.c */,
				FEC0521421BC621B00EC8B17 /* dfu.h */,
				FEC0523A21BC622300EC8B17 /* download.c */,
				FEC0522F21BC622000EC8B17 /* download.h */,
				FEC0521D21BC621C00EC8B17 /* endianness.h */,
				FEC0521321BC621B00EC8B17 /* fdr.c */,
				FEC0523021BC622000EC8B17 /* fdr.h */,
				FEC0522C21BC621F00EC8B17 /* fls.c */,
				FEC0521821BC621B00EC8B17 /* fls.h */,
				B17F731321BC770700CEACF9 /* idevicerestore.c */,
				B17F731221BC770600CEACF9 /* idevicerestore.h */,
				FEC0523621BC622200EC8B17 /* img3.c */,
				FEC0523421BC622100EC8B17 /* img3.h */,
				FEC0522621BC621D00EC8B17 /* img4.c */,
				FEC0523121BC622000EC8B17 /* img4.h */,
				FEC0521721BC621B00EC8B17 /* ipsw.c */,
				FEC0523521BC622200EC8B17 /* ipsw.h */,
				FEC0521221BC621A00EC8B17 /* limera1n_payload.h */,
				FEC0521A21BC621B00EC8B17 /* limera1n.c */,
				FEC0522321BC621D00EC8B17 /* limera1n.h */,
				FEC0523321BC622100EC8B17 /* locking.c */,
				FEC0521521BC621B00EC8B17 /* locking.h */,
				FEC0522921BC621E00EC8B17 /* mbn.c */,
				FEC0523721BC622200EC8B17 /* mbn.h */,
				FEC0521E21BC621C00EC8B17 /* normal.c */,
				FEC0522721BC621E00EC8B17 /* normal.h */,
				FEC0523821BC622300EC8B17 /* partial.c */,
				FEC0522A21BC621E00EC8B17 /* partial.h */,
				FEC0521B21BC621C00EC8B17 /* recovery.c */,
				FEC0523B21BC622400EC8B17 /* recovery.h */,
				FEC0522D21BC621F00EC8B17 /* restore.c */,
				FEC0521621BC621B00EC8B17 /* restore.h */,
				FEC0526321BC673B00EC8B17 /* globals.h */,
				FEC0523921BC622300EC8B17 /* socket.c */,
				FEC0521F21BC621C00EC8B17 /* socket.h */,
				FEC0522021BC621C00EC8B17 /* thread.c */,
				FEC0522821BC621E00EC8B17 /* thread.h */,
				FEC0521C21BC621C00EC8B17 /* tss.c */,
				FEC0522B21BC621F00EC8B17 /* tss.h */,
			);
			path = idevicererestore;
			sourceTree = "<group>";
		};
		FEC0525021BC631000EC8B17 /* Frameworks */ = {
			isa = PBXGroup;
			children = (
				FEC0528B21C018E500EC8B17 /* libbz2.a */,
				FEC0528921C0184200EC8B17 /* libz.a */,
				B17F731021BC758000CEACF9 /* libz.tbd */,
				B17F730E21BC756D00CEACF9 /* libbz2.tbd */,
				B17F730C21BC752D00CEACF9 /* libz.1.2.11.dylib */,
				B17F730A21BC751900CEACF9 /* libz.a */,
				B17F730821BC71E400CEACF9 /* CoreFoundation.framework */,
				B17F730421BC71A300CEACF9 /* libcurl.4.dylib */,
				B17F730221BC719100CEACF9 /* libcurl.a */,
				B17F72FE21BC706900CEACF9 /* IOKit.framework */,
				B17F72D021BC6C8900CEACF9 /* libcrypto.a */,
				B17F72CD21BC6C8600CEACF9 /* libcurl.a */,
				B17F72CE21BC6C8700CEACF9 /* libimobiledevice.a */,
				B17F72CA21BC6C8400CEACF9 /* libirecovery.a */,
				B17F72CB21BC6C8400CEACF9 /* libplist.a */,
				B17F72CC21BC6C8500CEACF9 /* libssl.a */,
				B17F72C921BC6C8300CEACF9 /* libusbmuxd.a */,
				B17F72CF21BC6C8700CEACF9 /* libzip.a */,
			);
			name = Frameworks;
			sourceTree = "<group>";
		};
/* End PBXGroup section */

/* Begin PBXNativeTarget section */
		FEC0520721BC614000EC8B17 /* idevicererestore */ = {
			isa = PBXNativeTarget;
			buildConfigurationList = FEC0520F21BC614000EC8B17 /* Build configuration list for PBXNativeTarget "idevicererestore" */;
			buildPhases = (
				FEC0520421BC614000EC8B17 /* Sources */,
				FEC0520521BC614000EC8B17 /* Frameworks */,
				FEC0520621BC614000EC8B17 /* CopyFiles */,
			);
			buildRules = (
			);
			dependencies = (
			);
			name = idevicererestore;
			productName = idevicererestore;
			productReference = FEC0520821BC614000EC8B17 /* idevicererestore */;
			productType = "com.apple.product-type.tool";
		};
/* End PBXNativeTarget section */

/* Begin PBXProject section */
		FEC0520021BC614000EC8B17 /* Project object */ = {
			isa = PBXProject;
			attributes = {
				LastUpgradeCheck = 0940;
				ORGANIZATIONNAME = a;
				TargetAttributes = {
					FEC0520721BC614000EC8B17 = {
						CreatedOnToolsVersion = 9.4.1;
					};
				};
			};
			buildConfigurationList = FEC0520321BC614000EC8B17 /* Build configuration list for PBXProject "idevicererestore" */;
			compatibilityVersion = "Xcode 9.3";
			developmentRegion = en;
			hasScannedForEncodings = 0;
			knownRegions = (
				en,
			);
			mainGroup = FEC051FF21BC614000EC8B17;
			productRefGroup = FEC0520921BC614000EC8B17 /* Products */;
			projectDirPath = "";
			projectRoot = "";
			targets = (
				FEC0520721BC614000EC8B17 /* idevicererestore */,
			);
		};
/* End PBXProject section */

/* Begin PBXSourcesBuildPhase section */
		FEC0520421BC614000EC8B17 /* Sources */ = {
			isa = PBXSourcesBuildPhase;
			buildActionMask = 2147483647;
			files = (
				FEC0524121BC622400EC8B17 /* normal.c in Sources */,
				FEC0524B21BC622400EC8B17 /* locking.c in Sources */,
				B17F731421BC770700CEACF9 /* idevicerestore.c in Sources */,
				FEC0523D21BC622400EC8B17 /* ipsw.c in Sources */,
				FEC0524021BC622400EC8B17 /* tss.c in Sources */,
				FEC0524721BC622400EC8B17 /* mbn.c in Sources */,
				FEC0524D21BC622400EC8B17 /* partial.c in Sources */,
				FEC0524421BC622400EC8B17 /* common.c in Sources */,
				FEC0524821BC622400EC8B17 /* fls.c in Sources */,
				FEC0523E21BC622400EC8B17 /* limera1n.c in Sources */,
				FEC0524521BC622400EC8B17 /* dfu.c in Sources */,
				FEC0524321BC622400EC8B17 /* asr.c in Sources */,
				FEC0524E21BC622400EC8B17 /* socket.c in Sources */,
				FEC0524221BC622400EC8B17 /* thread.c in Sources */,
				FEC0524C21BC622400EC8B17 /* img3.c in Sources */,
				FEC0523F21BC622400EC8B17 /* recovery.c in Sources */,
				FEC0524621BC622400EC8B17 /* img4.c in Sources */,
				FEC0524921BC622400EC8B17 /* restore.c in Sources */,
				FEC0523C21BC622400EC8B17 /* fdr.c in Sources */,
				FEC0524F21BC622400EC8B17 /* download.c in Sources */,
			);
			runOnlyForDeploymentPostprocessing = 0;
		};
/* End PBXSourcesBuildPhase section */

/* Begin XCBuildConfiguration section */
		FEC0520D21BC614000EC8B17 /* Debug */ = {
			isa = XCBuildConfiguration;
			buildSettings = {
				ALWAYS_SEARCH_USER_PATHS = NO;
				CLANG_ANALYZER_NONNULL = YES;
				CLANG_ANALYZER_NUMBER_OBJECT_CONVERSION = YES_AGGRESSIVE;
				CLANG_CXX_LANGUAGE_STANDARD = "gnu++14";
				CLANG_CXX_LIBRARY = "libc++";
				CLANG_ENABLE_MODULES = YES;
				CLANG_ENABLE_OBJC_ARC = YES;
				CLANG_ENABLE_OBJC_WEAK = YES;
				CLANG_WARN_BLOCK_CAPTURE_AUTORELEASING = YES;
				CLANG_WARN_BOOL_CONVERSION = YES;
				CLANG_WARN_COMMA = YES;
				CLANG_WARN_CONSTANT_CONVERSION = YES;
				CLANG_WARN_DEPRECATED_OBJC_IMPLEMENTATIONS = YES;
				CLANG_WARN_DIRECT_OBJC_ISA_USAGE = YES_ERROR;
				CLANG_WARN_DOCUMENTATION_COMMENTS = YES;
				CLANG_WARN_EMPTY_BODY = YES;
				CLANG_WARN_ENUM_CONVERSION = YES;
				CLANG_WARN_INFINITE_RECURSION = YES;
				CLANG_WARN_INT_CONVERSION = YES;
				CLANG_WARN_NON_LITERAL_NULL_CONVERSION = YES;
				CLANG_WARN_OBJC_IMPLICIT_RETAIN_SELF = YES;
				CLANG_WARN_OBJC_LITERAL_CONVERSION = YES;
				CLANG_WARN_OBJC_ROOT_CLASS = YES_ERROR;
				CLANG_WARN_RANGE_LOOP_ANALYSIS = YES;
				CLANG_WARN_STRICT_PROTOTYPES = YES;
				CLANG_WARN_SUSPICIOUS_MOVE = YES;
				CLANG_WARN_UNGUARDED_AVAILABILITY = YES_AGGRESSIVE;
				CLANG_WARN_UNREACHABLE_CODE = YES;
				CLANG_WARN__DUPLICATE_METHOD_MATCH = YES;
				CODE_SIGN_IDENTITY = "";
				COPY_PHASE_STRIP = NO;
				DEBUG_INFORMATION_FORMAT = dwarf;
				ENABLE_STRICT_OBJC_MSGSEND = YES;
				ENABLE_TESTABILITY = YES;
				GCC_C_LANGUAGE_STANDARD = gnu11;
				GCC_DYNAMIC_NO_PIC = NO;
				GCC_NO_COMMON_BLOCKS = YES;
				GCC_OPTIMIZATION_LEVEL = 0;
				GCC_PREPROCESSOR_DEFINITIONS = (
					"DEBUG=1",
					"$(inherited)",
				);
				GCC_WARN_64_TO_32_BIT_CONVERSION = YES;
				GCC_WARN_ABOUT_RETURN_TYPE = YES_ERROR;
				GCC_WARN_UNDECLARED_SELECTOR = YES;
				GCC_WARN_UNINITIALIZED_AUTOS = YES_AGGRESSIVE;
				GCC_WARN_UNUSED_FUNCTION = YES;
				GCC_WARN_UNUSED_VARIABLE = YES;
				MACOSX_DEPLOYMENT_TARGET = 10.13;
				MTL_ENABLE_DEBUG_INFO = YES;
				ONLY_ACTIVE_ARCH = YES;
				SDKROOT = macosx;
			};
			name = Debug;
		};
		FEC0520E21BC614000EC8B17 /* Release */ = {
			isa = XCBuildConfiguration;
			buildSettings = {
				ALWAYS_SEARCH_USER_PATHS = NO;
				CLANG_ANALYZER_NONNULL = YES;
				CLANG_ANALYZER_NUMBER_OBJECT_CONVERSION = YES_AGGRESSIVE;
				CLANG_CXX_LANGUAGE_STANDARD = "gnu++14";
				CLANG_CXX_LIBRARY = "libc++";
				CLANG_ENABLE_MODULES = YES;
				CLANG_ENABLE_OBJC_ARC = YES;
				CLANG_ENABLE_OBJC_WEAK = YES;
				CLANG_WARN_BLOCK_CAPTURE_AUTORELEASING = YES;
				CLANG_WARN_BOOL_CONVERSION = YES;
				CLANG_WARN_COMMA = YES;
				CLANG_WARN_CONSTANT_CONVERSION = YES;
				CLANG_WARN_DEPRECATED_OBJC_IMPLEMENTATIONS = YES;
				CLANG_WARN_DIRECT_OBJC_ISA_USAGE = YES_ERROR;
				CLANG_WARN_DOCUMENTATION_COMMENTS = YES;
				CLANG_WARN_EMPTY_BODY = YES;
				CLANG_WARN_ENUM_CONVERSION = YES;
				CLANG_WARN_INFINITE_RECURSION = YES;
				CLANG_WARN_INT_CONVERSION = YES;
				CLANG_WARN_NON_LITERAL_NULL_CONVERSION = YES;
				CLANG_WARN_OBJC_IMPLICIT_RETAIN_SELF = YES;
				CLANG_WARN_OBJC_LITERAL_CONVERSION = YES;
				CLANG_WARN_OBJC_ROOT_CLASS = YES_ERROR;
				CLANG_WARN_RANGE_LOOP_ANALYSIS = YES;
				CLANG_WARN_STRICT_PROTOTYPES = YES;
				CLANG_WARN_SUSPICIOUS_MOVE = YES;
				CLANG_WARN_UNGUARDED_AVAILABILITY = YES_AGGRESSIVE;
				CLANG_WARN_UNREACHABLE_CODE = YES;
				CLANG_WARN__DUPLICATE_METHOD_MATCH = YES;
				CODE_SIGN_IDENTITY = "";
				COPY_PHASE_STRIP = NO;
				DEBUG_INFORMATION_FORMAT = "dwarf-with-dsym";
				ENABLE_NS_ASSERTIONS = NO;
				ENABLE_STRICT_OBJC_MSGSEND = YES;
				GCC_C_LANGUAGE_STANDARD = gnu11;
				GCC_NO_COMMON_BLOCKS = YES;
				GCC_WARN_64_TO_32_BIT_CONVERSION = YES;
				GCC_WARN_ABOUT_RETURN_TYPE = YES_ERROR;
				GCC_WARN_UNDECLARED_SELECTOR = YES;
				GCC_WARN_UNINITIALIZED_AUTOS = YES_AGGRESSIVE;
				GCC_WARN_UNUSED_FUNCTION = YES;
				GCC_WARN_UNUSED_VARIABLE = YES;
				MACOSX_DEPLOYMENT_TARGET = 10.13;
				MTL_ENABLE_DEBUG_INFO = NO;
				SDKROOT = macosx;
			};
			name = Release;
		};
		FEC0521021BC614000EC8B17 /* Debug */ = {
			isa = XCBuildConfiguration;
			buildSettings = {
				ARCHS = "$(ARCHS_STANDARD_64_BIT)";
				CODE_SIGN_IDENTITY = "";
				CODE_SIGN_STYLE = Manual;
				DEVELOPMENT_TEAM = "";
				HEADER_SEARCH_PATHS = /usr/local/include;
				LIBRARY_SEARCH_PATHS = (
					"$(PROJECT_DIR)",
					/usr/local/Cellar/curl/7.57.0/lib,
				);
				MACOSX_DEPLOYMENT_TARGET = 10.7;
				PRODUCT_NAME = "$(TARGET_NAME)";
				PROVISIONING_PROFILE_SPECIFIER = "";
				VALID_ARCHS = "x86_64 i386";
			};
			name = Debug;
		};
		FEC0521121BC614000EC8B17 /* Release */ = {
			isa = XCBuildConfiguration;
			buildSettings = {
				ARCHS = "$(ARCHS_STANDARD_64_BIT)";
				CODE_SIGN_IDENTITY = "";
				CODE_SIGN_STYLE = Manual;
				DEVELOPMENT_TEAM = "";
				GCC_OPTIMIZATION_LEVEL = fast;
				HEADER_SEARCH_PATHS = /usr/local/include;
				LIBRARY_SEARCH_PATHS = (
					"$(PROJECT_DIR)",
					/usr/local/Cellar/curl/7.57.0/lib,
				);
				MACOSX_DEPLOYMENT_TARGET = 10.7;
				PRODUCT_NAME = "$(TARGET_NAME)";
				PROVISIONING_PROFILE_SPECIFIER = "";
				VALID_ARCHS = "x86_64 i386";
			};
			name = Release;
		};
/* End XCBuildConfiguration section */

/* Begin XCConfigurationList section */
		FEC0520321BC614000EC8B17 /* Build configuration list for PBXProject "idevicererestore" */ = {
			isa = XCConfigurationList;
			buildConfigurations = (
				FEC0520D21BC614000EC8B17 /* Debug */,
				FEC0520E21BC614000EC8B17 /* Release */,
			);
			defaultConfigurationIsVisible = 0;
			defaultConfigurationName = Release;
		};
		FEC0520F21BC614000EC8B17 /* Build configuration list for PBXNativeTarget "idevicererestore" */ = {
			isa = XCConfigurationList;
			buildConfigurations = (
				FEC0521021BC614000EC8B17 /* Debug */,
				FEC0521121BC614000EC8B17 /* Release */,
			);
			defaultConfigurationIsVisible = 0;
			defaultConfigurationName = Release;
		};
/* End XCConfigurationList section */
	};
	rootObject = FEC0520021BC614000EC8B17 /* Project object */;
}
